
Microsoft Visual Studio Solution File, Format Version 12.00
# Visual Studio Version 16
VisualStudioVersion = 16.0.29709.97
MinimumVisualStudioVersion = 10.0.40219.1
Project("{9A19103F-16F7-4668-BE54-9A1E7A4F7556}") = "AccessModifierProject", "AccessModifierProject\AccessModifierProject.csproj", "{C755E1D7-2ECE-462A-9016-6631689E16F3}"
EndProject
Project("{FAE04EC0-301F-11D3-BF4B-00C04F79EFBC}") = "SecondAccessModifierProject", "SecondAccessModifierProject\SecondAccessModifierProject.csproj", "{F896C344-F6FB-4B86-A042-CE6732969790}"
EndProject
Project("{FAE04EC0-301F-11D3-BF4B-00C04F79EFBC}") = "ThirdAccessModifierProject", "ThirdAccessModifierProject\ThirdAccessModifierProject.csproj", "{6512BA17-0D0D-4071-8205-85F0B53E848A}"
EndProject
Project("{FAE04EC0-301F-11D3-BF4B-00C04F79EFBC}") = "AccessModifierUnitTestProject", "AccessModifierUnitTestProject\AccessModifierUnitTestProject.csproj", "{89DE6691-08C4-4F03-8FBB-1DE7BC4C383F}"
EndProject
Global
	GlobalSection(SolutionConfigurationPlatforms) = preSolution
		Debug|Any CPU = Debug|Any CPU
		Release|Any CPU = Release|Any CPU
	EndGlobalSection
	GlobalSection(ProjectConfigurationPlatforms) = postSolution
		{C755E1D7-2ECE-462A-9016-6631689E16F3}.Debug|Any CPU.ActiveCfg = Debug|Any CPU
		{C755E1D7-2ECE-462A-9016-6631689E16F3}.Debug|Any CPU.Build.0 = Debug|Any CPU
		{C755E1D7-2ECE-462A-9016-6631689E16F3}.Release|Any CPU.ActiveCfg = Release|Any CPU
		{C755E1D7-2ECE-462A-9016-6631689E16F3}.Release|Any CPU.Build.0 = Release|Any CPU
		{F896C344-F6FB-4B86-A042-CE6732969790}.Debug|Any CPU.ActiveCfg = Debug|Any CPU
		{F896C344-F6FB-4B86-A042-CE6732969790}.Debug|Any CPU.Build.0 = Debug|Any CPU
		{F896C344-F6FB-4B86-A042-CE6732969790}.Release|Any CPU.ActiveCfg = Release|Any CPU
		{F896C344-F6FB-4B86-A042-CE6732969790}.Release|Any CPU.Build.0 = Release|Any CPU
		{6512BA17-0D0D-4071-8205-85F0B53E848A}.Debug|Any CPU.ActiveCfg = Debug|Any CPU
		{6512BA17-0D0D-4071-8205-85F0B53E848A}.Debug|Any CPU.Build.0 = Debug|Any CPU
		{6512BA17-0D0D-4071-8205-85F0B53E848A}.Release|Any CPU.ActiveCfg = Release|Any CPU
		{6512BA17-0D0D-4071-8205-85F0B53E848A}.Release|Any CPU.Build.0 = Release|Any CPU
		{89DE6691-08C4-4F03-8FBB-1DE7BC4C383F}.Debug|Any CPU.ActiveCfg = Debug|Any CPU
		{89DE6691-08C4-4F03-8FBB-1DE7BC4C383F}.Debug|Any CPU.Build.0 = Debug|Any CPU
		{89DE6691-08C4-4F03-8FBB-1DE7BC4C383F}.Release|Any CPU.ActiveCfg = Release|Any CPU
		{89DE6691-08C4-4F03-8FBB-1DE7BC4C383F}.Release|Any CPU.Build.0 = Release|Any CPU
	EndGlobalSection
	GlobalSection(SolutionProperties) = preSolution
		HideSolutionNode = FALSE
	EndGlobalSection
	GlobalSection(ExtensibilityGlobals) = postSolution
		SolutionGuid = {76DED40B-4C56-4723-BC59-05DCBC27E970}
	EndGlobalSection
EndGlobal
